
Microsoft Visual Studio Solution File, Format Version 12.00
Project("{FAE04EC0-301F-11D3-BF4B-00C04F79EFBC}") = "AWS_SQS", "AWS_SQS\AWS_SQS.csproj", "{7F35CB11-F38D-472F-B7D7-FC479278C34D}"
EndProject
Project("{FAE04EC0-301F-11D3-BF4B-00C04F79EFBC}") = "Customers.Api", "Customers.Api\Customers.Api.csproj", "{2A6A60C6-1B27-493A-9E38-ED53032BF0A8}"
EndProject
Project("{FAE04EC0-301F-11D3-BF4B-00C04F79EFBC}") = "Customers.DAL", "Customers.DAL\Customers.DAL.csproj", "{2F67F9EC-0388-429F-B4C1-223E6C6B1743}"
EndProject
Project("{FAE04EC0-301F-11D3-BF4B-00C04F79EFBC}") = "Customers.Messaging", "Customers.Messaging\Customers.Messaging.csproj", "{540A4645-4903-4AB7-A739-11A43441A3EC}"
EndProject
Project("{FAE04EC0-301F-11D3-BF4B-00C04F79EFBC}") = "Customers.Messaging.UnitTests", "Customers.Messaging.UnitTests\Customers.Messaging.UnitTests.csproj", "{AC86D211-44D1-47D6-A904-C4369884A57B}"
EndProject
Global
	GlobalSection(SolutionConfigurationPlatforms) = preSolution
		Debug|Any CPU = Debug|Any CPU
		Release|Any CPU = Release|Any CPU
	EndGlobalSection
	GlobalSection(ProjectConfigurationPlatforms) = postSolution
		{7F35CB11-F38D-472F-B7D7-FC479278C34D}.Debug|Any CPU.ActiveCfg = Debug|Any CPU
		{7F35CB11-F38D-472F-B7D7-FC479278C34D}.Debug|Any CPU.Build.0 = Debug|Any CPU
		{7F35CB11-F38D-472F-B7D7-FC479278C34D}.Release|Any CPU.ActiveCfg = Release|Any CPU
		{7F35CB11-F38D-472F-B7D7-FC479278C34D}.Release|Any CPU.Build.0 = Release|Any CPU
		{2A6A60C6-1B27-493A-9E38-ED53032BF0A8}.Debug|Any CPU.ActiveCfg = Debug|Any CPU
		{2A6A60C6-1B27-493A-9E38-ED53032BF0A8}.Debug|Any CPU.Build.0 = Debug|Any CPU
		{2A6A60C6-1B27-493A-9E38-ED53032BF0A8}.Release|Any CPU.ActiveCfg = Release|Any CPU
		{2A6A60C6-1B27-493A-9E38-ED53032BF0A8}.Release|Any CPU.Build.0 = Release|Any CPU
		{2F67F9EC-0388-429F-B4C1-223E6C6B1743}.Debug|Any CPU.ActiveCfg = Debug|Any CPU
		{2F67F9EC-0388-429F-B4C1-223E6C6B1743}.Debug|Any CPU.Build.0 = Debug|Any CPU
		{2F67F9EC-0388-429F-B4C1-223E6C6B1743}.Release|Any CPU.ActiveCfg = Release|Any CPU
		{2F67F9EC-0388-429F-B4C1-223E6C6B1743}.Release|Any CPU.Build.0 = Release|Any CPU
		{540A4645-4903-4AB7-A739-11A43441A3EC}.Debug|Any CPU.ActiveCfg = Debug|Any CPU
		{540A4645-4903-4AB7-A739-11A43441A3EC}.Debug|Any CPU.Build.0 = Debug|Any CPU
		{540A4645-4903-4AB7-A739-11A43441A3EC}.Release|Any CPU.ActiveCfg = Release|Any CPU
		{540A4645-4903-4AB7-A739-11A43441A3EC}.Release|Any CPU.Build.0 = Release|Any CPU
		{AC86D211-44D1-47D6-A904-C4369884A57B}.Debug|Any CPU.ActiveCfg = Debug|Any CPU
		{AC86D211-44D1-47D6-A904-C4369884A57B}.Debug|Any CPU.Build.0 = Debug|Any CPU
		{AC86D211-44D1-47D6-A904-C4369884A57B}.Release|Any CPU.ActiveCfg = Release|Any CPU
		{AC86D211-44D1-47D6-A904-C4369884A57B}.Release|Any CPU.Build.0 = Release|Any CPU
	EndGlobalSection
EndGlobal
